
Microsoft Visual Studio Solution File, Format Version 12.00
# Visual Studio Version 17
VisualStudioVersion = 17.10.35122.118
MinimumVisualStudioVersion = 10.0.40219.1
Project("{8BC9CEB8-8B4A-11D0-8D11-00A0C91BC942}") = "BOJ_31520", "BOJ_31520.vcxproj", "{2690819D-1100-439C-815E-8C1015CBD260}"
EndProject
Global
	GlobalSection(SolutionConfigurationPlatforms) = preSolution
		Debug|x64 = Debug|x64
		Release|x64 = Release|x64
	EndGlobalSection
	GlobalSection(ProjectConfigurationPlatforms) = postSolution
		{2690819D-1100-439C-815E-8C1015CBD260}.Debug|x64.ActiveCfg = Debug|x64
		{2690819D-1100-439C-815E-8C1015CBD260}.Debug|x64.Build.0 = Debug|x64
		{2690819D-1100-439C-815E-8C1015CBD260}.Release|x64.ActiveCfg = Release|x64
		{2690819D-1100-439C-815E-8C1015CBD260}.Release|x64.Build.0 = Release|x64
	EndGlobalSection
	GlobalSection(SolutionProperties) = preSolution
		HideSolutionNode = FALSE
	EndGlobalSection
	GlobalSection(ExtensibilityGlobals) = postSolution
		SolutionGuid = {D8AC7C22-1CD7-430F-8125-D83AB950E1A9}
	EndGlobalSection
EndGlobal
